// !$*UTF8*$!
{
	archiveVersion = 1;
	classes = {
	};
	objectVersion = 56;
	objects = {

/* Begin PBXBuildFile section */
		5451C6E25606EE521F735CA0 /* Pods_Album_clipping_editorTests.framework in Frameworks */ = {isa = PBXBuildFile; fileRef = CB20F9C38B1F5450F2958164 /* Pods_Album_clipping_editorTests.framework */; };
		55D9A9B19AD08CE4764901CE /* Pods_Album_clipping_editor_Album_clipping_editorUITests.framework in Frameworks */ = {isa = PBXBuildFile; fileRef = AD9EB0670A055BAEE9F8037A /* Pods_Album_clipping_editor_Album_clipping_editorUITests.framework */; };
		7534ABEB2BB181F500F6EEBE /* A4AlbumBaseController.m in Sources */ = {isa = PBXBuildFile; fileRef = 7534ABEA2BB181F500F6EEBE /* A4AlbumBaseController.m */; };
		754C3BF42BB1095600653926 /* AppDelegate.m in Sources */ = {isa = PBXBuildFile; fileRef = 754C3BF32BB1095600653926 /* AppDelegate.m */; };
		754C3BFA2BB1095600653926 /* ViewController.m in Sources */ = {isa = PBXBuildFile; fileRef = 754C3BF92BB1095600653926 /* ViewController.m */; };
		754C3BFD2BB1095600653926 /* Main.storyboard in Resources */ = {isa = PBXBuildFile; fileRef = 754C3BFB2BB1095600653926 /* Main.storyboard */; };
		754C3BFF2BB1095700653926 /* Assets.xcassets in Resources */ = {isa = PBXBuildFile; fileRef = 754C3BFE2BB1095700653926 /* Assets.xcassets */; };
		754C3C022BB1095700653926 /* LaunchScreen.storyboard in Resources */ = {isa = PBXBuildFile; fileRef = 754C3C002BB1095700653926 /* LaunchScreen.storyboard */; };
		754C3C052BB1095700653926 /* main.m in Sources */ = {isa = PBXBuildFile; fileRef = 754C3C042BB1095700653926 /* main.m */; };
		754C3C0F2BB1095700653926 /* Album_clipping_editorTests.m in Sources */ = {isa = PBXBuildFile; fileRef = 754C3C0E2BB1095700653926 /* Album_clipping_editorTests.m */; };
		754C3C192BB1095700653926 /* Album_clipping_editorUITests.m in Sources */ = {isa = PBXBuildFile; fileRef = 754C3C182BB1095700653926 /* Album_clipping_editorUITests.m */; };
		754C3C1B2BB1095700653926 /* Album_clipping_editorUITestsLaunchTests.m in Sources */ = {isa = PBXBuildFile; fileRef = 754C3C1A2BB1095700653926 /* Album_clipping_editorUITestsLaunchTests.m */; };
		754C3C442BB10F3D00653926 /* A4CameraViewController.m in Sources */ = {isa = PBXBuildFile; fileRef = 754C3C292BB10F3D00653926 /* A4CameraViewController.m */; };
		754C3C622BB168E600653926 /* ReLayoutButton.m in Sources */ = {isa = PBXBuildFile; fileRef = 754C3C612BB168E600653926 /* ReLayoutButton.m */; };
		7559E9102BB5706900F9C310 /* ShowPictureController.m in Sources */ = {isa = PBXBuildFile; fileRef = 7559E90E2BB5706900F9C310 /* ShowPictureController.m */; };
		7559E9112BB5706900F9C310 /* ShowPictureController.xib in Resources */ = {isa = PBXBuildFile; fileRef = 7559E90F2BB5706900F9C310 /* ShowPictureController.xib */; };
		7559E9172BB69D3900F9C310 /* TestViewController.m in Sources */ = {isa = PBXBuildFile; fileRef = 7559E9162BB69D3900F9C310 /* TestViewController.m */; };
		7559E91A2BB6A40F00F9C310 /* A4EditorBaseController.m in Sources */ = {isa = PBXBuildFile; fileRef = 7559E9192BB6A40F00F9C310 /* A4EditorBaseController.m */; };
		75A288702BB2E7C000CD3BA0 /* A4AlbumPhotoArrView.m in Sources */ = {isa = PBXBuildFile; fileRef = 75A2886F2BB2E7C000CD3BA0 /* A4AlbumPhotoArrView.m */; };
		75A288852BB2EBBB00CD3BA0 /* A4CropFrameView.m in Sources */ = {isa = PBXBuildFile; fileRef = 75A288752BB2EBBB00CD3BA0 /* A4CropFrameView.m */; };
		75A288862BB2EBBB00CD3BA0 /* A4CropCornerView.m in Sources */ = {isa = PBXBuildFile; fileRef = 75A288792BB2EBBB00CD3BA0 /* A4CropCornerView.m */; };
		75A288872BB2EBBB00CD3BA0 /* A4CropMagnifierView.m in Sources */ = {isa = PBXBuildFile; fileRef = 75A2887A2BB2EBBB00CD3BA0 /* A4CropMagnifierView.m */; };
		75A288882BB2EBBB00CD3BA0 /* A4EditingViewController.m in Sources */ = {isa = PBXBuildFile; fileRef = 75A2887C2BB2EBBB00CD3BA0 /* A4EditingViewController.m */; };
		75A288892BB2EBBB00CD3BA0 /* UIImageView+LHGContentRect.m in Sources */ = {isa = PBXBuildFile; fileRef = 75A2887F2BB2EBBB00CD3BA0 /* UIImageView+LHGContentRect.m */; };
		75A2888A2BB2EBBB00CD3BA0 /* A4Utils.mm in Sources */ = {isa = PBXBuildFile; fileRef = 75A288812BB2EBBB00CD3BA0 /* A4Utils.mm */; };
		75A2888B2BB2EBBB00CD3BA0 /* A4Helper.mm in Sources */ = {isa = PBXBuildFile; fileRef = 75A288832BB2EBBB00CD3BA0 /* A4Helper.mm */; };
		75A3764F2BBA40ED00BC10DD /* A4PhotoHelper.m in Sources */ = {isa = PBXBuildFile; fileRef = 75A3764E2BBA40ED00BC10DD /* A4PhotoHelper.m */; };
		75ED00C42BBAACC000D1203B /* A4AlbumDefaultView.m in Sources */ = {isa = PBXBuildFile; fileRef = 75ED00C32BBAACC000D1203B /* A4AlbumDefaultView.m */; };
		E9B9ADE0DD0DF8575061158A /* Pods_Album_clipping_editor.framework in Frameworks */ = {isa = PBXBuildFile; fileRef = E0D2DA77DFDA107C14B74D70 /* Pods_Album_clipping_editor.framework */; };
/* End PBXBuildFile section */

/* Begin PBXContainerItemProxy section */
		754C3C0B2BB1095700653926 /* PBXContainerItemProxy */ = {
			isa = PBXContainerItemProxy;
			containerPortal = 754C3BE72BB1095600653926 /* Project object */;
			proxyType = 1;
			remoteGlobalIDString = 754C3BEE2BB1095600653926;
			remoteInfo = "Album-clipping-editor";
		};
		754C3C152BB1095700653926 /* PBXContainerItemProxy */ = {
			isa = PBXContainerItemProxy;
			containerPortal = 754C3BE72BB1095600653926 /* Project object */;
			proxyType = 1;
			remoteGlobalIDString = 754C3BEE2BB1095600653926;
			remoteInfo = "Album-clipping-editor";
		};
/* End PBXContainerItemProxy section */

/* Begin PBXFileReference section */
		28236AAB5D86AC6C23288BBA /* Pods-Album-clipping-editor-Album-clipping-editorUITests.release.xcconfig */ = {isa = PBXFileReference; includeInIndex = 1; lastKnownFileType = text.xcconfig; name = "Pods-Album-clipping-editor-Album-clipping-editorUITests.release.xcconfig"; path = "Target Support Files/Pods-Album-clipping-editor-Album-clipping-editorUITests/Pods-Album-clipping-editor-Album-clipping-editorUITests.release.xcconfig"; sourceTree = "<group>"; };
		4ACD3BB348A15595AD367FF9 /* Pods-Album-clipping-editor.release.xcconfig */ = {isa = PBXFileReference; includeInIndex = 1; lastKnownFileType = text.xcconfig; name = "Pods-Album-clipping-editor.release.xcconfig"; path = "Target Support Files/Pods-Album-clipping-editor/Pods-Album-clipping-editor.release.xcconfig"; sourceTree = "<group>"; };
		4B96C46F862A893D25DE2E31 /* Pods-Album-clipping-editorTests.release.xcconfig */ = {isa = PBXFileReference; includeInIndex = 1; lastKnownFileType = text.xcconfig; name = "Pods-Album-clipping-editorTests.release.xcconfig"; path = "Target Support Files/Pods-Album-clipping-editorTests/Pods-Album-clipping-editorTests.release.xcconfig"; sourceTree = "<group>"; };
		50F72F226E93C15C90F2A663 /* Pods-Album-clipping-editor.debug.xcconfig */ = {isa = PBXFileReference; includeInIndex = 1; lastKnownFileType = text.xcconfig; name = "Pods-Album-clipping-editor.debug.xcconfig"; path = "Target Support Files/Pods-Album-clipping-editor/Pods-Album-clipping-editor.debug.xcconfig"; sourceTree = "<group>"; };
		7534ABE92BB181F500F6EEBE /* A4AlbumBaseController.h */ = {isa = PBXFileReference; lastKnownFileType = sourcecode.c.h; path = A4AlbumBaseController.h; sourceTree = "<group>"; };
		7534ABEA2BB181F500F6EEBE /* A4AlbumBaseController.m */ = {isa = PBXFileReference; lastKnownFileType = sourcecode.c.objc; path = A4AlbumBaseController.m; sourceTree = "<group>"; };
		754C3BEF2BB1095600653926 /* Album-clipping-editor.app */ = {isa = PBXFileReference; explicitFileType = wrapper.application; includeInIndex = 0; path = "Album-clipping-editor.app"; sourceTree = BUILT_PRODUCTS_DIR; };
		754C3BF22BB1095600653926 /* AppDelegate.h */ = {isa = PBXFileReference; lastKnownFileType = sourcecode.c.h; path = AppDelegate.h; sourceTree = "<group>"; };
		754C3BF32BB1095600653926 /* AppDelegate.m */ = {isa = PBXFileReference; lastKnownFileType = sourcecode.c.objc; path = AppDelegate.m; sourceTree = "<group>"; };
		754C3BF82BB1095600653926 /* ViewController.h */ = {isa = PBXFileReference; lastKnownFileType = sourcecode.c.h; path = ViewController.h; sourceTree = "<group>"; };
		754C3BF92BB1095600653926 /* ViewController.m */ = {isa = PBXFileReference; lastKnownFileType = sourcecode.c.objc; path = ViewController.m; sourceTree = "<group>"; };
		754C3BFC2BB1095600653926 /* Base */ = {isa = PBXFileReference; lastKnownFileType = file.storyboard; name = Base; path = Base.lproj/Main.storyboard; sourceTree = "<group>"; };
		754C3BFE2BB1095700653926 /* Assets.xcassets */ = {isa = PBXFileReference; lastKnownFileType = folder.assetcatalog; path = Assets.xcassets; sourceTree = "<group>"; };
		754C3C012BB1095700653926 /* Base */ = {isa = PBXFileReference; lastKnownFileType = file.storyboard; name = Base; path = Base.lproj/LaunchScreen.storyboard; sourceTree = "<group>"; };
		754C3C032BB1095700653926 /* Info.plist */ = {isa = PBXFileReference; lastKnownFileType = text.plist.xml; path = Info.plist; sourceTree = "<group>"; };
		754C3C042BB1095700653926 /* main.m */ = {isa = PBXFileReference; lastKnownFileType = sourcecode.c.objc; path = main.m; sourceTree = "<group>"; };
		754C3C0A2BB1095700653926 /* Album-clipping-editorTests.xctest */ = {isa = PBXFileReference; explicitFileType = wrapper.cfbundle; includeInIndex = 0; path = "Album-clipping-editorTests.xctest"; sourceTree = BUILT_PRODUCTS_DIR; };
		754C3C0E2BB1095700653926 /* Album_clipping_editorTests.m */ = {isa = PBXFileReference; lastKnownFileType = sourcecode.c.objc; path = Album_clipping_editorTests.m; sourceTree = "<group>"; };
		754C3C142BB1095700653926 /* Album-clipping-editorUITests.xctest */ = {isa = PBXFileReference; explicitFileType = wrapper.cfbundle; includeInIndex = 0; path = "Album-clipping-editorUITests.xctest"; sourceTree = BUILT_PRODUCTS_DIR; };
		754C3C182BB1095700653926 /* Album_clipping_editorUITests.m */ = {isa = PBXFileReference; lastKnownFileType = sourcecode.c.objc; path = Album_clipping_editorUITests.m; sourceTree = "<group>"; };
		754C3C1A2BB1095700653926 /* Album_clipping_editorUITestsLaunchTests.m */ = {isa = PBXFileReference; lastKnownFileType = sourcecode.c.objc; path = Album_clipping_editorUITestsLaunchTests.m; sourceTree = "<group>"; };
		754C3C292BB10F3D00653926 /* A4CameraViewController.m */ = {isa = PBXFileReference; fileEncoding = 4; lastKnownFileType = sourcecode.c.objc; path = A4CameraViewController.m; sourceTree = "<group>"; };
		754C3C402BB10F3D00653926 /* A4CameraViewController.h */ = {isa = PBXFileReference; fileEncoding = 4; lastKnownFileType = sourcecode.c.h; path = A4CameraViewController.h; sourceTree = "<group>"; };
		754C3C5C2BB15DFA00653926 /* Header.h */ = {isa = PBXFileReference; lastKnownFileType = sourcecode.c.h; path = Header.h; sourceTree = "<group>"; };
		754C3C602BB168E600653926 /* ReLayoutButton.h */ = {isa = PBXFileReference; lastKnownFileType = sourcecode.c.h; path = ReLayoutButton.h; sourceTree = "<group>"; };
		754C3C612BB168E600653926 /* ReLayoutButton.m */ = {isa = PBXFileReference; lastKnownFileType = sourcecode.c.objc; path = ReLayoutButton.m; sourceTree = "<group>"; };
		7559E90D2BB5706900F9C310 /* ShowPictureController.h */ = {isa = PBXFileReference; lastKnownFileType = sourcecode.c.h; path = ShowPictureController.h; sourceTree = "<group>"; };
		7559E90E2BB5706900F9C310 /* ShowPictureController.m */ = {isa = PBXFileReference; lastKnownFileType = sourcecode.c.objc; path = ShowPictureController.m; sourceTree = "<group>"; };
		7559E90F2BB5706900F9C310 /* ShowPictureController.xib */ = {isa = PBXFileReference; lastKnownFileType = file.xib; path = ShowPictureController.xib; sourceTree = "<group>"; };
		7559E9152BB69D3900F9C310 /* TestViewController.h */ = {isa = PBXFileReference; lastKnownFileType = sourcecode.c.h; path = TestViewController.h; sourceTree = "<group>"; };
		7559E9162BB69D3900F9C310 /* TestViewController.m */ = {isa = PBXFileReference; lastKnownFileType = sourcecode.c.objc; path = TestViewController.m; sourceTree = "<group>"; };
		7559E9182BB6A40F00F9C310 /* A4EditorBaseController.h */ = {isa = PBXFileReference; lastKnownFileType = sourcecode.c.h; path = A4EditorBaseController.h; sourceTree = "<group>"; };
		7559E9192BB6A40F00F9C310 /* A4EditorBaseController.m */ = {isa = PBXFileReference; lastKnownFileType = sourcecode.c.objc; path = A4EditorBaseController.m; sourceTree = "<group>"; };
		75A2886E2BB2E7C000CD3BA0 /* A4AlbumPhotoArrView.h */ = {isa = PBXFileReference; lastKnownFileType = sourcecode.c.h; path = A4AlbumPhotoArrView.h; sourceTree = "<group>"; };
		75A2886F2BB2E7C000CD3BA0 /* A4AlbumPhotoArrView.m */ = {isa = PBXFileReference; lastKnownFileType = sourcecode.c.objc; path = A4AlbumPhotoArrView.m; sourceTree = "<group>"; };
		75A288732BB2EBBB00CD3BA0 /* A4Defines.h */ = {isa = PBXFileReference; fileEncoding = 4; lastKnownFileType = sourcecode.c.h; path = A4Defines.h; sourceTree = "<group>"; };
		75A288752BB2EBBB00CD3BA0 /* A4CropFrameView.m */ = {isa = PBXFileReference; fileEncoding = 4; lastKnownFileType = sourcecode.c.objc; path = A4CropFrameView.m; sourceTree = "<group>"; };
		75A288762BB2EBBB00CD3BA0 /* A4CropMagnifierView.h */ = {isa = PBXFileReference; fileEncoding = 4; lastKnownFileType = sourcecode.c.h; path = A4CropMagnifierView.h; sourceTree = "<group>"; };
		75A288772BB2EBBB00CD3BA0 /* A4CropCornerView.h */ = {isa = PBXFileReference; fileEncoding = 4; lastKnownFileType = sourcecode.c.h; path = A4CropCornerView.h; sourceTree = "<group>"; };
		75A288782BB2EBBB00CD3BA0 /* A4CropFrameView.h */ = {isa = PBXFileReference; fileEncoding = 4; lastKnownFileType = sourcecode.c.h; path = A4CropFrameView.h; sourceTree = "<group>"; };
		75A288792BB2EBBB00CD3BA0 /* A4CropCornerView.m */ = {isa = PBXFileReference; fileEncoding = 4; lastKnownFileType = sourcecode.c.objc; path = A4CropCornerView.m; sourceTree = "<group>"; };
		75A2887A2BB2EBBB00CD3BA0 /* A4CropMagnifierView.m */ = {isa = PBXFileReference; fileEncoding = 4; lastKnownFileType = sourcecode.c.objc; path = A4CropMagnifierView.m; sourceTree = "<group>"; };
		75A2887C2BB2EBBB00CD3BA0 /* A4EditingViewController.m */ = {isa = PBXFileReference; fileEncoding = 4; lastKnownFileType = sourcecode.c.objc; path = A4EditingViewController.m; sourceTree = "<group>"; };
		75A2887D2BB2EBBB00CD3BA0 /* A4EditingViewController.h */ = {isa = PBXFileReference; fileEncoding = 4; lastKnownFileType = sourcecode.c.h; path = A4EditingViewController.h; sourceTree = "<group>"; };
		75A2887F2BB2EBBB00CD3BA0 /* UIImageView+LHGContentRect.m */ = {isa = PBXFileReference; fileEncoding = 4; lastKnownFileType = sourcecode.c.objc; path = "UIImageView+LHGContentRect.m"; sourceTree = "<group>"; };
		75A288802BB2EBBB00CD3BA0 /* A4Utils.h */ = {isa = PBXFileReference; fileEncoding = 4; lastKnownFileType = sourcecode.c.h; path = A4Utils.h; sourceTree = "<group>"; };
		75A288812BB2EBBB00CD3BA0 /* A4Utils.mm */ = {isa = PBXFileReference; fileEncoding = 4; lastKnownFileType = sourcecode.cpp.objcpp; path = A4Utils.mm; sourceTree = "<group>"; };
		75A288822BB2EBBB00CD3BA0 /* UIImageView+LHGContentRect.h */ = {isa = PBXFileReference; fileEncoding = 4; lastKnownFileType = sourcecode.c.h; path = "UIImageView+LHGContentRect.h"; sourceTree = "<group>"; };
		75A288832BB2EBBB00CD3BA0 /* A4Helper.mm */ = {isa = PBXFileReference; fileEncoding = 4; lastKnownFileType = sourcecode.cpp.objcpp; path = A4Helper.mm; sourceTree = "<group>"; };
		75A288842BB2EBBB00CD3BA0 /* A4Helper.h */ = {isa = PBXFileReference; fileEncoding = 4; lastKnownFileType = sourcecode.c.h; path = A4Helper.h; sourceTree = "<group>"; };
		75A3764D2BBA40ED00BC10DD /* A4PhotoHelper.h */ = {isa = PBXFileReference; lastKnownFileType = sourcecode.c.h; path = A4PhotoHelper.h; sourceTree = "<group>"; };
		75A3764E2BBA40ED00BC10DD /* A4PhotoHelper.m */ = {isa = PBXFileReference; lastKnownFileType = sourcecode.c.objc; path = A4PhotoHelper.m; sourceTree = "<group>"; };
		75ED00C22BBAACC000D1203B /* A4AlbumDefaultView.h */ = {isa = PBXFileReference; lastKnownFileType = sourcecode.c.h; path = A4AlbumDefaultView.h; sourceTree = "<group>"; };
		75ED00C32BBAACC000D1203B /* A4AlbumDefaultView.m */ = {isa = PBXFileReference; lastKnownFileType = sourcecode.c.objc; path = A4AlbumDefaultView.m; sourceTree = "<group>"; };
		A262EA35574BA2FBD70D0ED2 /* Pods-Album-clipping-editor-Album-clipping-editorUITests.debug.xcconfig */ = {isa = PBXFileReference; includeInIndex = 1; lastKnownFileType = text.xcconfig; name = "Pods-Album-clipping-editor-Album-clipping-editorUITests.debug.xcconfig"; path = "Target Support Files/Pods-Album-clipping-editor-Album-clipping-editorUITests/Pods-Album-clipping-editor-Album-clipping-editorUITests.debug.xcconfig"; sourceTree = "<group>"; };
		AD9EB0670A055BAEE9F8037A /* Pods_Album_clipping_editor_Album_clipping_editorUITests.framework */ = {isa = PBXFileReference; explicitFileType = wrapper.framework; includeInIndex = 0; path = Pods_Album_clipping_editor_Album_clipping_editorUITests.framework; sourceTree = BUILT_PRODUCTS_DIR; };
		CB20F9C38B1F5450F2958164 /* Pods_Album_clipping_editorTests.framework */ = {isa = PBXFileReference; explicitFileType = wrapper.framework; includeInIndex = 0; path = Pods_Album_clipping_editorTests.framework; sourceTree = BUILT_PRODUCTS_DIR; };
		E0D2DA77DFDA107C14B74D70 /* Pods_Album_clipping_editor.framework */ = {isa = PBXFileReference; explicitFileType = wrapper.framework; includeInIndex = 0; path = Pods_Album_clipping_editor.framework; sourceTree = BUILT_PRODUCTS_DIR; };
		F5B3939A801668A320C5512C /* Pods-Album-clipping-editorTests.debug.xcconfig */ = {isa = PBXFileReference; includeInIndex = 1; lastKnownFileType = text.xcconfig; name = "Pods-Album-clipping-editorTests.debug.xcconfig"; path = "Target Support Files/Pods-Album-clipping-editorTests/Pods-Album-clipping-editorTests.debug.xcconfig"; sourceTree = "<group>"; };
/* End PBXFileReference section */

/* Begin PBXFrameworksBuildPhase section */
		754C3BEC2BB1095600653926 /* Frameworks */ = {
			isa = PBXFrameworksBuildPhase;
			buildActionMask = 2147483647;
			files = (
				E9B9ADE0DD0DF8575061158A /* Pods_Album_clipping_editor.framework in Frameworks */,
			);
			runOnlyForDeploymentPostprocessing = 0;
		};
		754C3C072BB1095700653926 /* Frameworks */ = {
			isa = PBXFrameworksBuildPhase;
			buildActionMask = 2147483647;
			files = (
				5451C6E25606EE521F735CA0 /* Pods_Album_clipping_editorTests.framework in Frameworks */,
			);
			runOnlyForDeploymentPostprocessing = 0;
		};
		754C3C112BB1095700653926 /* Frameworks */ = {
			isa = PBXFrameworksBuildPhase;
			buildActionMask = 2147483647;
			files = (
				55D9A9B19AD08CE4764901CE /* Pods_Album_clipping_editor_Album_clipping_editorUITests.framework in Frameworks */,
			);
			runOnlyForDeploymentPostprocessing = 0;
		};
/* End PBXFrameworksBuildPhase section */

/* Begin PBXGroup section */
		414169B615B5EA349114BA9D /* Pods */ = {
			isa = PBXGroup;
			children = (
				50F72F226E93C15C90F2A663 /* Pods-Album-clipping-editor.debug.xcconfig */,
				4ACD3BB348A15595AD367FF9 /* Pods-Album-clipping-editor.release.xcconfig */,
				A262EA35574BA2FBD70D0ED2 /* Pods-Album-clipping-editor-Album-clipping-editorUITests.debug.xcconfig */,
				28236AAB5D86AC6C23288BBA /* Pods-Album-clipping-editor-Album-clipping-editorUITests.release.xcconfig */,
				F5B3939A801668A320C5512C /* Pods-Album-clipping-editorTests.debug.xcconfig */,
				4B96C46F862A893D25DE2E31 /* Pods-Album-clipping-editorTests.release.xcconfig */,
			);
			path = Pods;
			sourceTree = "<group>";
		};
		754C3BE62BB1095600653926 = {
			isa = PBXGroup;
			children = (
				754C3BF12BB1095600653926 /* Album-clipping-editor */,
				754C3C0D2BB1095700653926 /* Album-clipping-editorTests */,
				754C3C172BB1095700653926 /* Album-clipping-editorUITests */,
				754C3BF02BB1095600653926 /* Products */,
				414169B615B5EA349114BA9D /* Pods */,
				AC6D5B4F9A8A81DC98160F0A /* Frameworks */,
			);
			sourceTree = "<group>";
		};
		754C3BF02BB1095600653926 /* Products */ = {
			isa = PBXGroup;
			children = (
				754C3BEF2BB1095600653926 /* Album-clipping-editor.app */,
				754C3C0A2BB1095700653926 /* Album-clipping-editorTests.xctest */,
				754C3C142BB1095700653926 /* Album-clipping-editorUITests.xctest */,
			);
			name = Products;
			sourceTree = "<group>";
		};
		754C3BF12BB1095600653926 /* Album-clipping-editor */ = {
			isa = PBXGroup;
			children = (
				754C3BF22BB1095600653926 /* AppDelegate.h */,
				754C3BF32BB1095600653926 /* AppDelegate.m */,
				754C3BF82BB1095600653926 /* ViewController.h */,
				754C3BF92BB1095600653926 /* ViewController.m */,
				7559E9152BB69D3900F9C310 /* TestViewController.h */,
				7559E9162BB69D3900F9C310 /* TestViewController.m */,
				7559E90D2BB5706900F9C310 /* ShowPictureController.h */,
				7559E90E2BB5706900F9C310 /* ShowPictureController.m */,
				7559E90F2BB5706900F9C310 /* ShowPictureController.xib */,
				754C3C5C2BB15DFA00653926 /* Header.h */,
				75A288712BB2EBBB00CD3BA0 /* PhotoEditor */,
				754C3BFB2BB1095600653926 /* Main.storyboard */,
				754C3BFE2BB1095700653926 /* Assets.xcassets */,
				754C3C002BB1095700653926 /* LaunchScreen.storyboard */,
				754C3C032BB1095700653926 /* Info.plist */,
				754C3C042BB1095700653926 /* main.m */,
			);
			path = "Album-clipping-editor";
			sourceTree = "<group>";
		};
		754C3C0D2BB1095700653926 /* Album-clipping-editorTests */ = {
			isa = PBXGroup;
			children = (
				754C3C0E2BB1095700653926 /* Album_clipping_editorTests.m */,
			);
			path = "Album-clipping-editorTests";
			sourceTree = "<group>";
		};
		754C3C172BB1095700653926 /* Album-clipping-editorUITests */ = {
			isa = PBXGroup;
			children = (
				754C3C182BB1095700653926 /* Album_clipping_editorUITests.m */,
				754C3C1A2BB1095700653926 /* Album_clipping_editorUITestsLaunchTests.m */,
			);
			path = "Album-clipping-editorUITests";
			sourceTree = "<group>";
		};
		75A288712BB2EBBB00CD3BA0 /* PhotoEditor */ = {
			isa = PBXGroup;
			children = (
				75A288722BB2EBBB00CD3BA0 /* Defines */,
				75A288742BB2EBBB00CD3BA0 /* View */,
				75A2887B2BB2EBBB00CD3BA0 /* ViewController */,
				75A2887E2BB2EBBB00CD3BA0 /* Helper */,
			);
			path = PhotoEditor;
			sourceTree = "<group>";
		};
		75A288722BB2EBBB00CD3BA0 /* Defines */ = {
			isa = PBXGroup;
			children = (
				75A288732BB2EBBB00CD3BA0 /* A4Defines.h */,
			);
			path = Defines;
			sourceTree = "<group>";
		};
		75A288742BB2EBBB00CD3BA0 /* View */ = {
			isa = PBXGroup;
			children = (
				754C3C602BB168E600653926 /* ReLayoutButton.h */,
				754C3C612BB168E600653926 /* ReLayoutButton.m */,
				75A288772BB2EBBB00CD3BA0 /* A4CropCornerView.h */,
				75A288792BB2EBBB00CD3BA0 /* A4CropCornerView.m */,
				75A288782BB2EBBB00CD3BA0 /* A4CropFrameView.h */,
				75A288752BB2EBBB00CD3BA0 /* A4CropFrameView.m */,
				75A288762BB2EBBB00CD3BA0 /* A4CropMagnifierView.h */,
				75A2887A2BB2EBBB00CD3BA0 /* A4CropMagnifierView.m */,
				75A2886E2BB2E7C000CD3BA0 /* A4AlbumPhotoArrView.h */,
				75A2886F2BB2E7C000CD3BA0 /* A4AlbumPhotoArrView.m */,
				75ED00C22BBAACC000D1203B /* A4AlbumDefaultView.h */,
				75ED00C32BBAACC000D1203B /* A4AlbumDefaultView.m */,
			);
			path = View;
			sourceTree = "<group>";
		};
		75A2887B2BB2EBBB00CD3BA0 /* ViewController */ = {
			isa = PBXGroup;
			children = (
				7534ABE92BB181F500F6EEBE /* A4AlbumBaseController.h */,
				7534ABEA2BB181F500F6EEBE /* A4AlbumBaseController.m */,
				754C3C402BB10F3D00653926 /* A4CameraViewController.h */,
				754C3C292BB10F3D00653926 /* A4CameraViewController.m */,
				75A2887D2BB2EBBB00CD3BA0 /* A4EditingViewController.h */,
				75A2887C2BB2EBBB00CD3BA0 /* A4EditingViewController.m */,
				7559E9182BB6A40F00F9C310 /* A4EditorBaseController.h */,
				7559E9192BB6A40F00F9C310 /* A4EditorBaseController.m */,
			);
			path = ViewController;
			sourceTree = "<group>";
		};
		75A2887E2BB2EBBB00CD3BA0 /* Helper */ = {
			isa = PBXGroup;
			children = (
				75A288842BB2EBBB00CD3BA0 /* A4Helper.h */,
				75A288832BB2EBBB00CD3BA0 /* A4Helper.mm */,
				75A288802BB2EBBB00CD3BA0 /* A4Utils.h */,
				75A288812BB2EBBB00CD3BA0 /* A4Utils.mm */,
				75A288822BB2EBBB00CD3BA0 /* UIImageView+LHGContentRect.h */,
				75A2887F2BB2EBBB00CD3BA0 /* UIImageView+LHGContentRect.m */,
				75A3764D2BBA40ED00BC10DD /* A4PhotoHelper.h */,
				75A3764E2BBA40ED00BC10DD /* A4PhotoHelper.m */,
			);
			path = Helper;
			sourceTree = "<group>";
		};
		AC6D5B4F9A8A81DC98160F0A /* Frameworks */ = {
			isa = PBXGroup;
			children = (
				E0D2DA77DFDA107C14B74D70 /* Pods_Album_clipping_editor.framework */,
				AD9EB0670A055BAEE9F8037A /* Pods_Album_clipping_editor_Album_clipping_editorUITests.framework */,
				CB20F9C38B1F5450F2958164 /* Pods_Album_clipping_editorTests.framework */,
			);
			name = Frameworks;
			sourceTree = "<group>";
		};
/* End PBXGroup section */

/* Begin PBXNativeTarget section */
		754C3BEE2BB1095600653926 /* Album-clipping-editor */ = {
			isa = PBXNativeTarget;
			buildConfigurationList = 754C3C1E2BB1095700653926 /* Build configuration list for PBXNativeTarget "Album-clipping-editor" */;
			buildPhases = (
				4EED5B2E5628E9BCF415A877 /* [CP] Check Pods Manifest.lock */,
				754C3BEB2BB1095600653926 /* Sources */,
				754C3BEC2BB1095600653926 /* Frameworks */,
				754C3BED2BB1095600653926 /* Resources */,
				F81DDC3CDC94BD9161071726 /* [CP] Embed Pods Frameworks */,
			);
			buildRules = (
			);
			dependencies = (
			);
			name = "Album-clipping-editor";
			productName = "Album-clipping-editor";
			productReference = 754C3BEF2BB1095600653926 /* Album-clipping-editor.app */;
			productType = "com.apple.product-type.application";
		};
		754C3C092BB1095700653926 /* Album-clipping-editorTests */ = {
			isa = PBXNativeTarget;
			buildConfigurationList = 754C3C212BB1095700653926 /* Build configuration list for PBXNativeTarget "Album-clipping-editorTests" */;
			buildPhases = (
				DF26DB8F459721357E755107 /* [CP] Check Pods Manifest.lock */,
				754C3C062BB1095700653926 /* Sources */,
				754C3C072BB1095700653926 /* Frameworks */,
				754C3C082BB1095700653926 /* Resources */,
			);
			buildRules = (
			);
			dependencies = (
				754C3C0C2BB1095700653926 /* PBXTargetDependency */,
			);
			name = "Album-clipping-editorTests";
			productName = "Album-clipping-editorTests";
			productReference = 754C3C0A2BB1095700653926 /* Album-clipping-editorTests.xctest */;
			productType = "com.apple.product-type.bundle.unit-test";
		};
		754C3C132BB1095700653926 /* Album-clipping-editorUITests */ = {
			isa = PBXNativeTarget;
			buildConfigurationList = 754C3C242BB1095700653926 /* Build configuration list for PBXNativeTarget "Album-clipping-editorUITests" */;
			buildPhases = (
				6A92888F524A7F8C7E4CD4F7 /* [CP] Check Pods Manifest.lock */,
				754C3C102BB1095700653926 /* Sources */,
				754C3C112BB1095700653926 /* Frameworks */,
				754C3C122BB1095700653926 /* Resources */,
				32A2ED976FB7012B32DFE68F /* [CP] Embed Pods Frameworks */,
			);
			buildRules = (
			);
			dependencies = (
				754C3C162BB1095700653926 /* PBXTargetDependency */,
			);
			name = "Album-clipping-editorUITests";
			productName = "Album-clipping-editorUITests";
			productReference = 754C3C142BB1095700653926 /* Album-clipping-editorUITests.xctest */;
			productType = "com.apple.product-type.bundle.ui-testing";
		};
/* End PBXNativeTarget section */

/* Begin PBXProject section */
		754C3BE72BB1095600653926 /* Project object */ = {
			isa = PBXProject;
			attributes = {
				BuildIndependentTargetsInParallel = 1;
				LastUpgradeCheck = 1500;
				TargetAttributes = {
					754C3BEE2BB1095600653926 = {
						CreatedOnToolsVersion = 15.0.1;
					};
					754C3C092BB1095700653926 = {
						CreatedOnToolsVersion = 15.0.1;
						TestTargetID = 754C3BEE2BB1095600653926;
					};
					754C3C132BB1095700653926 = {
						CreatedOnToolsVersion = 15.0.1;
						TestTargetID = 754C3BEE2BB1095600653926;
					};
				};
			};
			buildConfigurationList = 754C3BEA2BB1095600653926 /* Build configuration list for PBXProject "Album-clipping-editor" */;
			compatibilityVersion = "Xcode 14.0";
			developmentRegion = en;
			hasScannedForEncodings = 0;
			knownRegions = (
				en,
				Base,
			);
			mainGroup = 754C3BE62BB1095600653926;
			productRefGroup = 754C3BF02BB1095600653926 /* Products */;
			projectDirPath = "";
			projectRoot = "";
			targets = (
				754C3BEE2BB1095600653926 /* Album-clipping-editor */,
				754C3C092BB1095700653926 /* Album-clipping-editorTests */,
				754C3C132BB1095700653926 /* Album-clipping-editorUITests */,
			);
		};
/* End PBXProject section */

/* Begin PBXResourcesBuildPhase section */
		754C3BED2BB1095600653926 /* Resources */ = {
			isa = PBXResourcesBuildPhase;
			buildActionMask = 2147483647;
			files = (
				754C3C022BB1095700653926 /* LaunchScreen.storyboard in Resources */,
				754C3BFF2BB1095700653926 /* Assets.xcassets in Resources */,
				754C3BFD2BB1095600653926 /* Main.storyboard in Resources */,
				7559E9112BB5706900F9C310 /* ShowPictureController.xib in Resources */,
			);
			runOnlyForDeploymentPostprocessing = 0;
		};
		754C3C082BB1095700653926 /* Resources */ = {
			isa = PBXResourcesBuildPhase;
			buildActionMask = 2147483647;
			files = (
			);
			runOnlyForDeploymentPostprocessing = 0;
		};
		754C3C122BB1095700653926 /* Resources */ = {
			isa = PBXResourcesBuildPhase;
			buildActionMask = 2147483647;
			files = (
			);
			runOnlyForDeploymentPostprocessing = 0;
		};
/* End PBXResourcesBuildPhase section */

/* Begin PBXShellScriptBuildPhase section */
		32A2ED976FB7012B32DFE68F /* [CP] Embed Pods Frameworks */ = {
			isa = PBXShellScriptBuildPhase;
			buildActionMask = 2147483647;
			files = (
			);
			inputFileListPaths = (
				"${PODS_ROOT}/Target Support Files/Pods-Album-clipping-editor-Album-clipping-editorUITests/Pods-Album-clipping-editor-Album-clipping-editorUITests-frameworks-${CONFIGURATION}-input-files.xcfilelist",
			);
			name = "[CP] Embed Pods Frameworks";
			outputFileListPaths = (
				"${PODS_ROOT}/Target Support Files/Pods-Album-clipping-editor-Album-clipping-editorUITests/Pods-Album-clipping-editor-Album-clipping-editorUITests-frameworks-${CONFIGURATION}-output-files.xcfilelist",
			);
			runOnlyForDeploymentPostprocessing = 0;
			shellPath = /bin/sh;
			shellScript = "\"${PODS_ROOT}/Target Support Files/Pods-Album-clipping-editor-Album-clipping-editorUITests/Pods-Album-clipping-editor-Album-clipping-editorUITests-frameworks.sh\"\n";
			showEnvVarsInLog = 0;
		};
		4EED5B2E5628E9BCF415A877 /* [CP] Check Pods Manifest.lock */ = {
			isa = PBXShellScriptBuildPhase;
			buildActionMask = 2147483647;
			files = (
			);
			inputFileListPaths = (
			);
			inputPaths = (
				"${PODS_PODFILE_DIR_PATH}/Podfile.lock",
				"${PODS_ROOT}/Manifest.lock",
			);
			name = "[CP] Check Pods Manifest.lock";
			outputFileListPaths = (
			);
			outputPaths = (
				"$(DERIVED_FILE_DIR)/Pods-Album-clipping-editor-checkManifestLockResult.txt",
			);
			runOnlyForDeploymentPostprocessing = 0;
			shellPath = /bin/sh;
			shellScript = "diff \"${PODS_PODFILE_DIR_PATH}/Podfile.lock\" \"${PODS_ROOT}/Manifest.lock\" > /dev/null\nif [ $? != 0 ] ; then\n    # print error to STDERR\n    echo \"error: The sandbox is not in sync with the Podfile.lock. Run 'pod install' or update your CocoaPods installation.\" >&2\n    exit 1\nfi\n# This output is used by Xcode 'outputs' to avoid re-running this script phase.\necho \"SUCCESS\" > \"${SCRIPT_OUTPUT_FILE_0}\"\n";
			showEnvVarsInLog = 0;
		};
		6A92888F524A7F8C7E4CD4F7 /* [CP] Check Pods Manifest.lock */ = {
			isa = PBXShellScriptBuildPhase;
			buildActionMask = 2147483647;
			files = (
			);
			inputFileListPaths = (
			);
			inputPaths = (
				"${PODS_PODFILE_DIR_PATH}/Podfile.lock",
				"${PODS_ROOT}/Manifest.lock",
			);
			name = "[CP] Check Pods Manifest.lock";
			outputFileListPaths = (
			);
			outputPaths = (
				"$(DERIVED_FILE_DIR)/Pods-Album-clipping-editor-Album-clipping-editorUITests-checkManifestLockResult.txt",
			);
			runOnlyForDeploymentPostprocessing = 0;
			shellPath = /bin/sh;
			shellScript = "diff \"${PODS_PODFILE_DIR_PATH}/Podfile.lock\" \"${PODS_ROOT}/Manifest.lock\" > /dev/null\nif [ $? != 0 ] ; then\n    # print error to STDERR\n    echo \"error: The sandbox is not in sync with the Podfile.lock. Run 'pod install' or update your CocoaPods installation.\" >&2\n    exit 1\nfi\n# This output is used by Xcode 'outputs' to avoid re-running this script phase.\necho \"SUCCESS\" > \"${SCRIPT_OUTPUT_FILE_0}\"\n";
			showEnvVarsInLog = 0;
		};
		DF26DB8F459721357E755107 /* [CP] Check Pods Manifest.lock */ = {
			isa = PBXShellScriptBuildPhase;
			buildActionMask = 2147483647;
			files = (
			);
			inputFileListPaths = (
			);
			inputPaths = (
				"${PODS_PODFILE_DIR_PATH}/Podfile.lock",
				"${PODS_ROOT}/Manifest.lock",
			);
			name = "[CP] Check Pods Manifest.lock";
			outputFileListPaths = (
			);
			outputPaths = (
				"$(DERIVED_FILE_DIR)/Pods-Album-clipping-editorTests-checkManifestLockResult.txt",
			);
			runOnlyForDeploymentPostprocessing = 0;
			shellPath = /bin/sh;
			shellScript = "diff \"${PODS_PODFILE_DIR_PATH}/Podfile.lock\" \"${PODS_ROOT}/Manifest.lock\" > /dev/null\nif [ $? != 0 ] ; then\n    # print error to STDERR\n    echo \"error: The sandbox is not in sync with the Podfile.lock. Run 'pod install' or update your CocoaPods installation.\" >&2\n    exit 1\nfi\n# This output is used by Xcode 'outputs' to avoid re-running this script phase.\necho \"SUCCESS\" > \"${SCRIPT_OUTPUT_FILE_0}\"\n";
			showEnvVarsInLog = 0;
		};
		F81DDC3CDC94BD9161071726 /* [CP] Embed Pods Frameworks */ = {
			isa = PBXShellScriptBuildPhase;
			buildActionMask = 2147483647;
			files = (
			);
			inputFileListPaths = (
				"${PODS_ROOT}/Target Support Files/Pods-Album-clipping-editor/Pods-Album-clipping-editor-frameworks-${CONFIGURATION}-input-files.xcfilelist",
			);
			name = "[CP] Embed Pods Frameworks";
			outputFileListPaths = (
				"${PODS_ROOT}/Target Support Files/Pods-Album-clipping-editor/Pods-Album-clipping-editor-frameworks-${CONFIGURATION}-output-files.xcfilelist",
			);
			runOnlyForDeploymentPostprocessing = 0;
			shellPath = /bin/sh;
			shellScript = "\"${PODS_ROOT}/Target Support Files/Pods-Album-clipping-editor/Pods-Album-clipping-editor-frameworks.sh\"\n";
			showEnvVarsInLog = 0;
		};
/* End PBXShellScriptBuildPhase section */

/* Begin PBXSourcesBuildPhase section */
		754C3BEB2BB1095600653926 /* Sources */ = {
			isa = PBXSourcesBuildPhase;
			buildActionMask = 2147483647;
			files = (
				75A2888B2BB2EBBB00CD3BA0 /* A4Helper.mm in Sources */,
				75A3764F2BBA40ED00BC10DD /* A4PhotoHelper.m in Sources */,
				754C3C442BB10F3D00653926 /* A4CameraViewController.m in Sources */,
				754C3BFA2BB1095600653926 /* ViewController.m in Sources */,
				7559E9102BB5706900F9C310 /* ShowPictureController.m in Sources */,
				75ED00C42BBAACC000D1203B /* A4AlbumDefaultView.m in Sources */,
				754C3BF42BB1095600653926 /* AppDelegate.m in Sources */,
				75A288852BB2EBBB00CD3BA0 /* A4CropFrameView.m in Sources */,
				7559E9172BB69D3900F9C310 /* TestViewController.m in Sources */,
				75A288892BB2EBBB00CD3BA0 /* UIImageView+LHGContentRect.m in Sources */,
				754C3C622BB168E600653926 /* ReLayoutButton.m in Sources */,
				75A288882BB2EBBB00CD3BA0 /* A4EditingViewController.m in Sources */,
				754C3C052BB1095700653926 /* main.m in Sources */,
				7534ABEB2BB181F500F6EEBE /* A4AlbumBaseController.m in Sources */,
				75A2888A2BB2EBBB00CD3BA0 /* A4Utils.mm in Sources */,
				75A288702BB2E7C000CD3BA0 /* A4AlbumPhotoArrView.m in Sources */,
				75A288862BB2EBBB00CD3BA0 /* A4CropCornerView.m in Sources */,
				75A288872BB2EBBB00CD3BA0 /* A4CropMagnifierView.m in Sources */,
				7559E91A2BB6A40F00F9C310 /* A4EditorBaseController.m in Sources */,
			);
			runOnlyForDeploymentPostprocessing = 0;
		};
		754C3C062BB1095700653926 /* Sources */ = {
			isa = PBXSourcesBuildPhase;
			buildActionMask = 2147483647;
			files = (
				754C3C0F2BB1095700653926 /* Album_clipping_editorTests.m in Sources */,
			);
			runOnlyForDeploymentPostprocessing = 0;
		};
		754C3C102BB1095700653926 /* Sources */ = {
			isa = PBXSourcesBuildPhase;
			buildActionMask = 2147483647;
			files = (
				754C3C192BB1095700653926 /* Album_clipping_editorUITests.m in Sources */,
				754C3C1B2BB1095700653926 /* Album_clipping_editorUITestsLaunchTests.m in Sources */,
			);
			runOnlyForDeploymentPostprocessing = 0;
		};
/* End PBXSourcesBuildPhase section */

/* Begin PBXTargetDependency section */
		754C3C0C2BB1095700653926 /* PBXTargetDependency */ = {
			isa = PBXTargetDependency;
			target = 754C3BEE2BB1095600653926 /* Album-clipping-editor */;
			targetProxy = 754C3C0B2BB1095700653926 /* PBXContainerItemProxy */;
		};
		754C3C162BB1095700653926 /* PBXTargetDependency */ = {
			isa = PBXTargetDependency;
			target = 754C3BEE2BB1095600653926 /* Album-clipping-editor */;
			targetProxy = 754C3C152BB1095700653926 /* PBXContainerItemProxy */;
		};
/* End PBXTargetDependency section */

/* Begin PBXVariantGroup section */
		754C3BFB2BB1095600653926 /* Main.storyboard */ = {
			isa = PBXVariantGroup;
			children = (
				754C3BFC2BB1095600653926 /* Base */,
			);
			name = Main.storyboard;
			sourceTree = "<group>";
		};
		754C3C002BB1095700653926 /* LaunchScreen.storyboard */ = {
			isa = PBXVariantGroup;
			children = (
				754C3C012BB1095700653926 /* Base */,
			);
			name = LaunchScreen.storyboard;
			sourceTree = "<group>";
		};
/* End PBXVariantGroup section */

/* Begin XCBuildConfiguration section */
		754C3C1C2BB1095700653926 /* Debug */ = {
			isa = XCBuildConfiguration;
			buildSettings = {
				ALWAYS_SEARCH_USER_PATHS = NO;
				ASSETCATALOG_COMPILER_GENERATE_SWIFT_ASSET_SYMBOL_EXTENSIONS = YES;
				CLANG_ANALYZER_NONNULL = YES;
				CLANG_ANALYZER_NUMBER_OBJECT_CONVERSION = YES_AGGRESSIVE;
				CLANG_CXX_LANGUAGE_STANDARD = "gnu++20";
				CLANG_ENABLE_MODULES = YES;
				CLANG_ENABLE_OBJC_ARC = YES;
				CLANG_ENABLE_OBJC_WEAK = YES;
				CLANG_WARN_BLOCK_CAPTURE_AUTORELEASING = YES;
				CLANG_WARN_BOOL_CONVERSION = YES;
				CLANG_WARN_COMMA = YES;
				CLANG_WARN_CONSTANT_CONVERSION = YES;
				CLANG_WARN_DEPRECATED_OBJC_IMPLEMENTATIONS = YES;
				CLANG_WARN_DIRECT_OBJC_ISA_USAGE = YES_ERROR;
				CLANG_WARN_DOCUMENTATION_COMMENTS = YES;
				CLANG_WARN_EMPTY_BODY = YES;
				CLANG_WARN_ENUM_CONVERSION = YES;
				CLANG_WARN_INFINITE_RECURSION = YES;
				CLANG_WARN_INT_CONVERSION = YES;
				CLANG_WARN_NON_LITERAL_NULL_CONVERSION = YES;
				CLANG_WARN_OBJC_IMPLICIT_RETAIN_SELF = YES;
				CLANG_WARN_OBJC_LITERAL_CONVERSION = YES;
				CLANG_WARN_OBJC_ROOT_CLASS = YES_ERROR;
				CLANG_WARN_QUOTED_INCLUDE_IN_FRAMEWORK_HEADER = YES;
				CLANG_WARN_RANGE_LOOP_ANALYSIS = YES;
				CLANG_WARN_STRICT_PROTOTYPES = YES;
				CLANG_WARN_SUSPICIOUS_MOVE = YES;
				CLANG_WARN_UNGUARDED_AVAILABILITY = YES_AGGRESSIVE;
				CLANG_WARN_UNREACHABLE_CODE = YES;
				CLANG_WARN__DUPLICATE_METHOD_MATCH = YES;
				COPY_PHASE_STRIP = NO;
				DEBUG_INFORMATION_FORMAT = dwarf;
				ENABLE_STRICT_OBJC_MSGSEND = YES;
				ENABLE_TESTABILITY = YES;
				ENABLE_USER_SCRIPT_SANDBOXING = YES;
				GCC_C_LANGUAGE_STANDARD = gnu17;
				GCC_DYNAMIC_NO_PIC = NO;
				GCC_NO_COMMON_BLOCKS = YES;
				GCC_OPTIMIZATION_LEVEL = 0;
				GCC_PREPROCESSOR_DEFINITIONS = (
					"DEBUG=1",
					"$(inherited)",
				);
				GCC_WARN_64_TO_32_BIT_CONVERSION = YES;
				GCC_WARN_ABOUT_RETURN_TYPE = YES_ERROR;
				GCC_WARN_UNDECLARED_SELECTOR = YES;
				GCC_WARN_UNINITIALIZED_AUTOS = YES_AGGRESSIVE;
				GCC_WARN_UNUSED_FUNCTION = YES;
				GCC_WARN_UNUSED_VARIABLE = YES;
				IPHONEOS_DEPLOYMENT_TARGET = 17.0;
				LOCALIZATION_PREFERS_STRING_CATALOGS = YES;
				MTL_ENABLE_DEBUG_INFO = INCLUDE_SOURCE;
				MTL_FAST_MATH = YES;
				ONLY_ACTIVE_ARCH = YES;
				SDKROOT = iphoneos;
			};
			name = Debug;
		};
		754C3C1D2BB1095700653926 /* Release */ = {
			isa = XCBuildConfiguration;
			buildSettings = {
				ALWAYS_SEARCH_USER_PATHS = NO;
				ASSETCATALOG_COMPILER_GENERATE_SWIFT_ASSET_SYMBOL_EXTENSIONS = YES;
				CLANG_ANALYZER_NONNULL = YES;
				CLANG_ANALYZER_NUMBER_OBJECT_CONVERSION = YES_AGGRESSIVE;
				CLANG_CXX_LANGUAGE_STANDARD = "gnu++20";
				CLANG_ENABLE_MODULES = YES;
				CLANG_ENABLE_OBJC_ARC = YES;
				CLANG_ENABLE_OBJC_WEAK = YES;
				CLANG_WARN_BLOCK_CAPTURE_AUTORELEASING = YES;
				CLANG_WARN_BOOL_CONVERSION = YES;
				CLANG_WARN_COMMA = YES;
				CLANG_WARN_CONSTANT_CONVERSION = YES;
				CLANG_WARN_DEPRECATED_OBJC_IMPLEMENTATIONS = YES;
				CLANG_WARN_DIRECT_OBJC_ISA_USAGE = YES_ERROR;
				CLANG_WARN_DOCUMENTATION_COMMENTS = YES;
				CLANG_WARN_EMPTY_BODY = YES;
				CLANG_WARN_ENUM_CONVERSION = YES;
				CLANG_WARN_INFINITE_RECURSION = YES;
				CLANG_WARN_INT_CONVERSION = YES;
				CLANG_WARN_NON_LITERAL_NULL_CONVERSION = YES;
				CLANG_WARN_OBJC_IMPLICIT_RETAIN_SELF = YES;
				CLANG_WARN_OBJC_LITERAL_CONVERSION = YES;
				CLANG_WARN_OBJC_ROOT_CLASS = YES_ERROR;
				CLANG_WARN_QUOTED_INCLUDE_IN_FRAMEWORK_HEADER = YES;
				CLANG_WARN_RANGE_LOOP_ANALYSIS = YES;
				CLANG_WARN_STRICT_PROTOTYPES = YES;
				CLANG_WARN_SUSPICIOUS_MOVE = YES;
				CLANG_WARN_UNGUARDED_AVAILABILITY = YES_AGGRESSIVE;
				CLANG_WARN_UNREACHABLE_CODE = YES;
				CLANG_WARN__DUPLICATE_METHOD_MATCH = YES;
				COPY_PHASE_STRIP = NO;
				DEBUG_INFORMATION_FORMAT = "dwarf-with-dsym";
				ENABLE_NS_ASSERTIONS = NO;
				ENABLE_STRICT_OBJC_MSGSEND = YES;
				ENABLE_USER_SCRIPT_SANDBOXING = YES;
				GCC_C_LANGUAGE_STANDARD = gnu17;
				GCC_NO_COMMON_BLOCKS = YES;
				GCC_WARN_64_TO_32_BIT_CONVERSION = YES;
				GCC_WARN_ABOUT_RETURN_TYPE = YES_ERROR;
				GCC_WARN_UNDECLARED_SELECTOR = YES;
				GCC_WARN_UNINITIALIZED_AUTOS = YES_AGGRESSIVE;
				GCC_WARN_UNUSED_FUNCTION = YES;
				GCC_WARN_UNUSED_VARIABLE = YES;
				IPHONEOS_DEPLOYMENT_TARGET = 17.0;
				LOCALIZATION_PREFERS_STRING_CATALOGS = YES;
				MTL_ENABLE_DEBUG_INFO = NO;
				MTL_FAST_MATH = YES;
				SDKROOT = iphoneos;
				VALIDATE_PRODUCT = YES;
			};
			name = Release;
		};
		754C3C1F2BB1095700653926 /* Debug */ = {
			isa = XCBuildConfiguration;
			baseConfigurationReference = 50F72F226E93C15C90F2A663 /* Pods-Album-clipping-editor.debug.xcconfig */;
			buildSettings = {
				ASSETCATALOG_COMPILER_APPICON_NAME = AppIcon;
				ASSETCATALOG_COMPILER_GLOBAL_ACCENT_COLOR_NAME = AccentColor;
				CODE_SIGN_STYLE = Automatic;
				CURRENT_PROJECT_VERSION = 1;
				DEVELOPMENT_TEAM = PC76S86444;
				ENABLE_USER_SCRIPT_SANDBOXING = NO;
				GCC_PREFIX_HEADER = "$(SRCROOT)/Album-clipping-editor/Header.h";
				GENERATE_INFOPLIST_FILE = YES;
				INFOPLIST_FILE = "Album-clipping-editor/Info.plist";
				INFOPLIST_KEY_UIApplicationSupportsIndirectInputEvents = YES;
				INFOPLIST_KEY_UILaunchStoryboardName = LaunchScreen;
				INFOPLIST_KEY_UIMainStoryboardFile = Main;
				INFOPLIST_KEY_UISupportedInterfaceOrientations_iPad = "UIInterfaceOrientationPortrait UIInterfaceOrientationPortraitUpsideDown UIInterfaceOrientationLandscapeLeft UIInterfaceOrientationLandscapeRight";
				INFOPLIST_KEY_UISupportedInterfaceOrientations_iPhone = "UIInterfaceOrientationPortrait UIInterfaceOrientationLandscapeLeft UIInterfaceOrientationLandscapeRight";
				IPHONEOS_DEPLOYMENT_TARGET = 15.0;
				LD_RUNPATH_SEARCH_PATHS = (
					"$(inherited)",
					"@executable_path/Frameworks",
				);
				MARKETING_VERSION = 1.0;
				PRODUCT_BUNDLE_IDENTIFIER = "com.Dison.Album-clipping-editor";
				PRODUCT_NAME = "$(TARGET_NAME)";
				SWIFT_EMIT_LOC_STRINGS = YES;
				TARGETED_DEVICE_FAMILY = "1,2";
			};
			name = Debug;
		};
		754C3C202BB1095700653926 /* Release */ = {
			isa = XCBuildConfiguration;
			baseConfigurationReference = 4ACD3BB348A15595AD367FF9 /* Pods-Album-clipping-editor.release.xcconfig */;
			buildSettings = {
				ASSETCATALOG_COMPILER_APPICON_NAME = AppIcon;
				ASSETCATALOG_COMPILER_GLOBAL_ACCENT_COLOR_NAME = AccentColor;
				CODE_SIGN_STYLE = Automatic;
				CURRENT_PROJECT_VERSION = 1;
				DEVELOPMENT_TEAM = PC76S86444;
				ENABLE_USER_SCRIPT_SANDBOXING = NO;
				GCC_PREFIX_HEADER = "$(SRCROOT)/Album-clipping-editor/Header.h";
				GENERATE_INFOPLIST_FILE = YES;
				INFOPLIST_FILE = "Album-clipping-editor/Info.plist";
				INFOPLIST_KEY_UIApplicationSupportsIndirectInputEvents = YES;
				INFOPLIST_KEY_UILaunchStoryboardName = LaunchScreen;
				INFOPLIST_KEY_UIMainStoryboardFile = Main;
				INFOPLIST_KEY_UISupportedInterfaceOrientations_iPad = "UIInterfaceOrientationPortrait UIInterfaceOrientationPortraitUpsideDown UIInterfaceOrientationLandscapeLeft UIInterfaceOrientationLandscapeRight";
				INFOPLIST_KEY_UISupportedInterfaceOrientations_iPhone = "UIInterfaceOrientationPortrait UIInterfaceOrientationLandscapeLeft UIInterfaceOrientationLandscapeRight";
				IPHONEOS_DEPLOYMENT_TARGET = 15.0;
				LD_RUNPATH_SEARCH_PATHS = (
					"$(inherited)",
					"@executable_path/Frameworks",
				);
				MARKETING_VERSION = 1.0;
				PRODUCT_BUNDLE_IDENTIFIER = "com.Dison.Album-clipping-editor";
				PRODUCT_NAME = "$(TARGET_NAME)";
				SWIFT_EMIT_LOC_STRINGS = YES;
				TARGETED_DEVICE_FAMILY = "1,2";
			};
			name = Release;
		};
		754C3C222BB1095700653926 /* Debug */ = {
			isa = XCBuildConfiguration;
			baseConfigurationReference = F5B3939A801668A320C5512C /* Pods-Album-clipping-editorTests.debug.xcconfig */;
			buildSettings = {
				BUNDLE_LOADER = "$(TEST_HOST)";
				CODE_SIGN_STYLE = Automatic;
				CURRENT_PROJECT_VERSION = 1;
				GENERATE_INFOPLIST_FILE = YES;
				IPHONEOS_DEPLOYMENT_TARGET = 17.0;
				MARKETING_VERSION = 1.0;
				PRODUCT_BUNDLE_IDENTIFIER = "com.Dison.Album-clipping-editorTests";
				PRODUCT_NAME = "$(TARGET_NAME)";
				SWIFT_EMIT_LOC_STRINGS = NO;
				TARGETED_DEVICE_FAMILY = "1,2";
				TEST_HOST = "$(BUILT_PRODUCTS_DIR)/Album-clipping-editor.app/$(BUNDLE_EXECUTABLE_FOLDER_PATH)/Album-clipping-editor";
			};
			name = Debug;
		};
		754C3C232BB1095700653926 /* Release */ = {
			isa = XCBuildConfiguration;
			baseConfigurationReference = 4B96C46F862A893D25DE2E31 /* Pods-Album-clipping-editorTests.release.xcconfig */;
			buildSettings = {
				BUNDLE_LOADER = "$(TEST_HOST)";
				CODE_SIGN_STYLE = Automatic;
				CURRENT_PROJECT_VERSION = 1;
				GENERATE_INFOPLIST_FILE = YES;
				IPHONEOS_DEPLOYMENT_TARGET = 17.0;
				MARKETING_VERSION = 1.0;
				PRODUCT_BUNDLE_IDENTIFIER = "com.Dison.Album-clipping-editorTests";
				PRODUCT_NAME = "$(TARGET_NAME)";
				SWIFT_EMIT_LOC_STRINGS = NO;
				TARGETED_DEVICE_FAMILY = "1,2";
				TEST_HOST = "$(BUILT_PRODUCTS_DIR)/Album-clipping-editor.app/$(BUNDLE_EXECUTABLE_FOLDER_PATH)/Album-clipping-editor";
			};
			name = Release;
		};
		754C3C252BB1095700653926 /* Debug */ = {
			isa = XCBuildConfiguration;
			baseConfigurationReference = A262EA35574BA2FBD70D0ED2 /* Pods-Album-clipping-editor-Album-clipping-editorUITests.debug.xcconfig */;
			buildSettings = {
				CODE_SIGN_STYLE = Automatic;
				CURRENT_PROJECT_VERSION = 1;
				GENERATE_INFOPLIST_FILE = YES;
				MARKETING_VERSION = 1.0;
				PRODUCT_BUNDLE_IDENTIFIER = "com.Dison.Album-clipping-editorUITests";
				PRODUCT_NAME = "$(TARGET_NAME)";
				SWIFT_EMIT_LOC_STRINGS = NO;
				TARGETED_DEVICE_FAMILY = "1,2";
				TEST_TARGET_NAME = "Album-clipping-editor";
			};
			name = Debug;
		};
		754C3C262BB1095700653926 /* Release */ = {
			isa = XCBuildConfiguration;
			baseConfigurationReference = 28236AAB5D86AC6C23288BBA /* Pods-Album-clipping-editor-Album-clipping-editorUITests.release.xcconfig */;
			buildSettings = {
				CODE_SIGN_STYLE = Automatic;
				CURRENT_PROJECT_VERSION = 1;
				GENERATE_INFOPLIST_FILE = YES;
				MARKETING_VERSION = 1.0;
				PRODUCT_BUNDLE_IDENTIFIER = "com.Dison.Album-clipping-editorUITests";
				PRODUCT_NAME = "$(TARGET_NAME)";
				SWIFT_EMIT_LOC_STRINGS = NO;
				TARGETED_DEVICE_FAMILY = "1,2";
				TEST_TARGET_NAME = "Album-clipping-editor";
			};
			name = Release;
		};
/* End XCBuildConfiguration section */

/* Begin XCConfigurationList section */
		754C3BEA2BB1095600653926 /* Build configuration list for PBXProject "Album-clipping-editor" */ = {
			isa = XCConfigurationList;
			buildConfigurations = (
				754C3C1C2BB1095700653926 /* Debug */,
				754C3C1D2BB1095700653926 /* Release */,
			);
			defaultConfigurationIsVisible = 0;
			defaultConfigurationName = Release;
		};
		754C3C1E2BB1095700653926 /* Build configuration list for PBXNativeTarget "Album-clipping-editor" */ = {
			isa = XCConfigurationList;
			buildConfigurations = (
				754C3C1F2BB1095700653926 /* Debug */,
				754C3C202BB1095700653926 /* Release */,
			);
			defaultConfigurationIsVisible = 0;
			defaultConfigurationName = Release;
		};
		754C3C212BB1095700653926 /* Build configuration list for PBXNativeTarget "Album-clipping-editorTests" */ = {
			isa = XCConfigurationList;
			buildConfigurations = (
				754C3C222BB1095700653926 /* Debug */,
				754C3C232BB1095700653926 /* Release */,
			);
			defaultConfigurationIsVisible = 0;
			defaultConfigurationName = Release;
		};
		754C3C242BB1095700653926 /* Build configuration list for PBXNativeTarget "Album-clipping-editorUITests" */ = {
			isa = XCConfigurationList;
			buildConfigurations = (
				754C3C252BB1095700653926 /* Debug */,
				754C3C262BB1095700653926 /* Release */,
			);
			defaultConfigurationIsVisible = 0;
			defaultConfigurationName = Release;
		};
/* End XCConfigurationList section */
	};
	rootObject = 754C3BE72BB1095600653926 /* Project object */;
}
